// !$*UTF8*$!
{
	archiveVersion = 1;
	classes = {
	};
	objectVersion = 46;
	objects = {

/* Begin PBXBuildFile section */
		95684FB2789F78F0F1A250B2 /* Pods_SwiftSwiftyJSON.framework in Frameworks */ = {isa = PBXBuildFile; fileRef = 901D3E5D7082469076DCD6E2 /* Pods_SwiftSwiftyJSON.framework */; };
		9C1D3D201E006D7100819A66 /* JSONSource.json in Resources */ = {isa = PBXBuildFile; fileRef = 9C1D3D1F1E006D7100819A66 /* JSONSource.json */; };
		9C1D3D221E00965800819A66 /* User.swift in Sources */ = {isa = PBXBuildFile; fileRef = 9C1D3D211E00965800819A66 /* User.swift */; };
		9CC3E2E41E00644500B47760 /* AppDelegate.swift in Sources */ = {isa = PBXBuildFile; fileRef = 9CC3E2E31E00644500B47760 /* AppDelegate.swift */; };
		9CC3E2E61E00644500B47760 /* ViewController.swift in Sources */ = {isa = PBXBuildFile; fileRef = 9CC3E2E51E00644500B47760 /* ViewController.swift */; };
		9CC3E2E91E00644500B47760 /* Main.storyboard in Resources */ = {isa = PBXBuildFile; fileRef = 9CC3E2E71E00644500B47760 /* Main.storyboard */; };
		9CC3E2EB1E00644500B47760 /* Assets.xcassets in Resources */ = {isa = PBXBuildFile; fileRef = 9CC3E2EA1E00644500B47760 /* Assets.xcassets */; };
		9CC3E2EE1E00644500B47760 /* LaunchScreen.storyboard in Resources */ = {isa = PBXBuildFile; fileRef = 9CC3E2EC1E00644500B47760 /* LaunchScreen.storyboard */; };
/* End PBXBuildFile section */

/* Begin PBXFileReference section */
		7AF69DD94A0E3922C8ECA927 /* Pods-SwiftSwiftyJSON.release.xcconfig */ = {isa = PBXFileReference; includeInIndex = 1; lastKnownFileType = text.xcconfig; name = "Pods-SwiftSwiftyJSON.release.xcconfig"; path = "Pods/Target Support Files/Pods-SwiftSwiftyJSON/Pods-SwiftSwiftyJSON.release.xcconfig"; sourceTree = "<group>"; };
		901D3E5D7082469076DCD6E2 /* Pods_SwiftSwiftyJSON.framework */ = {isa = PBXFileReference; explicitFileType = wrapper.framework; includeInIndex = 0; path = Pods_SwiftSwiftyJSON.framework; sourceTree = BUILT_PRODUCTS_DIR; };
		9C1D3D1F1E006D7100819A66 /* JSONSource.json */ = {isa = PBXFileReference; fileEncoding = 4; lastKnownFileType = text.json; path = JSONSource.json; sourceTree = "<group>"; };
		9C1D3D211E00965800819A66 /* User.swift */ = {isa = PBXFileReference; fileEncoding = 4; lastKnownFileType = sourcecode.swift; path = User.swift; sourceTree = "<group>"; };
		9CC3E2E01E00644500B47760 /* SwiftSwiftyJSON.app */ = {isa = PBXFileReference; explicitFileType = wrapper.application; includeInIndex = 0; path = SwiftSwiftyJSON.app; sourceTree = BUILT_PRODUCTS_DIR; };
		9CC3E2E31E00644500B47760 /* AppDelegate.swift */ = {isa = PBXFileReference; lastKnownFileType = sourcecode.swift; path = AppDelegate.swift; sourceTree = "<group>"; };
		9CC3E2E51E00644500B47760 /* ViewController.swift */ = {isa = PBXFileReference; lastKnownFileType = sourcecode.swift; path = ViewController.swift; sourceTree = "<group>"; };
		9CC3E2E81E00644500B47760 /* Base */ = {isa = PBXFileReference; lastKnownFileType = file.storyboard; name = Base; path = Base.lproj/Main.storyboard; sourceTree = "<group>"; };
		9CC3E2EA1E00644500B47760 /* Assets.xcassets */ = {isa = PBXFileReference; lastKnownFileType = folder.assetcatalog; path = Assets.xcassets; sourceTree = "<group>"; };
		9CC3E2ED1E00644500B47760 /* Base */ = {isa = PBXFileReference; lastKnownFileType = file.storyboard; name = Base; path = Base.lproj/LaunchScreen.storyboard; sourceTree = "<group>"; };
		9CC3E2EF1E00644500B47760 /* Info.plist */ = {isa = PBXFileReference; lastKnownFileType = text.plist.xml; path = Info.plist; sourceTree = "<group>"; };
		B8689CF632D43FF3FE7061E8 /* Pods-SwiftSwiftyJSON.debug.xcconfig */ = {isa = PBXFileReference; includeInIndex = 1; lastKnownFileType = text.xcconfig; name = "Pods-SwiftSwiftyJSON.debug.xcconfig"; path = "Pods/Target Support Files/Pods-SwiftSwiftyJSON/Pods-SwiftSwiftyJSON.debug.xcconfig"; sourceTree = "<group>"; };
/* End PBXFileReference section */

/* Begin PBXFrameworksBuildPhase section */
		9CC3E2DD1E00644500B47760 /* Frameworks */ = {
			isa = PBXFrameworksBuildPhase;
			buildActionMask = 2147483647;
			files = (
				95684FB2789F78F0F1A250B2 /* Pods_SwiftSwiftyJSON.framework in Frameworks */,
			);
			runOnlyForDeploymentPostprocessing = 0;
		};
/* End PBXFrameworksBuildPhase section */

/* Begin PBXGroup section */
		601382255AB11E821C2B3EF9 /* Pods */ = {
			isa = PBXGroup;
			children = (
				B8689CF632D43FF3FE7061E8 /* Pods-SwiftSwiftyJSON.debug.xcconfig */,
				7AF69DD94A0E3922C8ECA927 /* Pods-SwiftSwiftyJSON.release.xcconfig */,
			);
			name = Pods;
			sourceTree = "<group>";
		};
		9C1D3D231E00966500819A66 /* Model */ = {
			isa = PBXGroup;
			children = (
				9C1D3D211E00965800819A66 /* User.swift */,
			);
			name = Model;
			sourceTree = "<group>";
		};
		9CC3E2D71E00644500B47760 = {
			isa = PBXGroup;
			children = (
				9CC3E2E21E00644500B47760 /* SwiftSwiftyJSON */,
				9CC3E2E11E00644500B47760 /* Products */,
				601382255AB11E821C2B3EF9 /* Pods */,
				B5F091FB8A9123CE8580CA68 /* Frameworks */,
			);
			sourceTree = "<group>";
		};
		9CC3E2E11E00644500B47760 /* Products */ = {
			isa = PBXGroup;
			children = (
				9CC3E2E01E00644500B47760 /* SwiftSwiftyJSON.app */,
			);
			name = Products;
			sourceTree = "<group>";
		};
		9CC3E2E21E00644500B47760 /* SwiftSwiftyJSON */ = {
			isa = PBXGroup;
			children = (
				9C1D3D231E00966500819A66 /* Model */,
				9CC3E2E31E00644500B47760 /* AppDelegate.swift */,
				9CC3E2E51E00644500B47760 /* ViewController.swift */,
				9CC3E2E71E00644500B47760 /* Main.storyboard */,
				9CC3E2EA1E00644500B47760 /* Assets.xcassets */,
				9CC3E2EC1E00644500B47760 /* LaunchScreen.storyboard */,
				9CC3E2EF1E00644500B47760 /* Info.plist */,
				9C1D3D1F1E006D7100819A66 /* JSONSource.json */,
			);
			path = SwiftSwiftyJSON;
			sourceTree = "<group>";
		};
		B5F091FB8A9123CE8580CA68 /* Frameworks */ = {
			isa = PBXGroup;
			children = (
				901D3E5D7082469076DCD6E2 /* Pods_SwiftSwiftyJSON.framework */,
			);
			name = Frameworks;
			sourceTree = "<group>";
		};
/* End PBXGroup section */

/* Begin PBXNativeTarget section */
		9CC3E2DF1E00644500B47760 /* SwiftSwiftyJSON */ = {
			isa = PBXNativeTarget;
			buildConfigurationList = 9CC3E2F21E00644500B47760 /* Build configuration list for PBXNativeTarget "SwiftSwiftyJSON" */;
			buildPhases = (
				48208A4CF3FF57FB164DE5B7 /* [CP] Check Pods Manifest.lock */,
				9CC3E2DC1E00644500B47760 /* Sources */,
				9CC3E2DD1E00644500B47760 /* Frameworks */,
				9CC3E2DE1E00644500B47760 /* Resources */,
				78E2A27220BFCF3016E8F0A1 /* [CP] Embed Pods Frameworks */,
				3CF40E10461C87E2E138C512 /* [CP] Copy Pods Resources */,
			);
			buildRules = (
			);
			dependencies = (
			);
			name = SwiftSwiftyJSON;
			productName = SwiftSwiftyJSON;
			productReference = 9CC3E2E01E00644500B47760 /* SwiftSwiftyJSON.app */;
			productType = "com.apple.product-type.application";
		};
/* End PBXNativeTarget section */

/* Begin PBXProject section */
		9CC3E2D81E00644500B47760 /* Project object */ = {
			isa = PBXProject;
			attributes = {
				LastSwiftUpdateCheck = 0820;
				LastUpgradeCheck = 0820;
				ORGANIZATIONNAME = "Marcelo Sampaio";
				TargetAttributes = {
					9CC3E2DF1E00644500B47760 = {
						CreatedOnToolsVersion = 8.2;
						DevelopmentTeam = 5U294U2N56;
						ProvisioningStyle = Automatic;
					};
				};
			};
			buildConfigurationList = 9CC3E2DB1E00644500B47760 /* Build configuration list for PBXProject "SwiftSwiftyJSON" */;
			compatibilityVersion = "Xcode 3.2";
			developmentRegion = English;
			hasScannedForEncodings = 0;
			knownRegions = (
				en,
				Base,
			);
			mainGroup = 9CC3E2D71E00644500B47760;
			productRefGroup = 9CC3E2E11E00644500B47760 /* Products */;
			projectDirPath = "";
			projectRoot = "";
			targets = (
				9CC3E2DF1E00644500B47760 /* SwiftSwiftyJSON */,
			);
		};
/* End PBXProject section */

/* Begin PBXResourcesBuildPhase section */
		9CC3E2DE1E00644500B47760 /* Resources */ = {
			isa = PBXResourcesBuildPhase;
			buildActionMask = 2147483647;
			files = (
				9CC3E2EE1E00644500B47760 /* LaunchScreen.storyboard in Resources */,
				9C1D3D201E006D7100819A66 /* JSONSource.json in Resources */,
				9CC3E2EB1E00644500B47760 /* Assets.xcassets in Resources */,
				9CC3E2E91E00644500B47760 /* Main.storyboard in Resources */,
			);
			runOnlyForDeploymentPostprocessing = 0;
		};
/* End PBXResourcesBuildPhase section */

/* Begin PBXShellScriptBuildPhase section */
		3CF40E10461C87E2E138C512 /* [CP] Copy Pods Resources */ = {
			isa = PBXShellScriptBuildPhase;
			buildActionMask = 2147483647;
			files = (
			);
			inputPaths = (
			);
			name = "[CP] Copy Pods Resources";
			outputPaths = (
			);
			runOnlyForDeploymentPostprocessing = 0;
			shellPath = /bin/sh;
			shellScript = "\"${SRCROOT}/Pods/Target Support Files/Pods-SwiftSwiftyJSON/Pods-SwiftSwiftyJSON-resources.sh\"\n";
			showEnvVarsInLog = 0;
		};
		48208A4CF3FF57FB164DE5B7 /* [CP] Check Pods Manifest.lock */ = {
			isa = PBXShellScriptBuildPhase;
			buildActionMask = 2147483647;
			files = (
			);
			inputPaths = (
			);
			name = "[CP] Check Pods Manifest.lock";
			outputPaths = (
			);
			runOnlyForDeploymentPostprocessing = 0;
			shellPath = /bin/sh;
			shellScript = "diff \"${PODS_ROOT}/../Podfile.lock\" \"${PODS_ROOT}/Manifest.lock\" > /dev/null\nif [ $? != 0 ] ; then\n    # print error to STDERR\n    echo \"error: The sandbox is not in sync with the Podfile.lock. Run 'pod install' or update your CocoaPods installation.\" >&2\n    exit 1\nfi\n";
			showEnvVarsInLog = 0;
		};
		78E2A27220BFCF3016E8F0A1 /* [CP] Embed Pods Frameworks */ = {
			isa = PBXShellScriptBuildPhase;
			buildActionMask = 2147483647;
			files = (
			);
			inputPaths = (
			);
			name = "[CP] Embed Pods Frameworks";
			outputPaths = (
			);
			runOnlyForDeploymentPostprocessing = 0;
			shellPath = /bin/sh;
			shellScript = "\"${SRCROOT}/Pods/Target Support Files/Pods-SwiftSwiftyJSON/Pods-SwiftSwiftyJSON-frameworks.sh\"\n";
			showEnvVarsInLog = 0;
		};
/* End PBXShellScriptBuildPhase section */

/* Begin PBXSourcesBuildPhase section */
		9CC3E2DC1E00644500B47760 /* Sources */ = {
			isa = PBXSourcesBuildPhase;
			buildActionMask = 2147483647;
			files = (
				9CC3E2E61E00644500B47760 /* ViewController.swift in Sources */,
				9CC3E2E41E00644500B47760 /* AppDelegate.swift in Sources */,
				9C1D3D221E00965800819A66 /* User.swift in Sources */,
			);
			runOnlyForDeploymentPostprocessing = 0;
		};
/* End PBXSourcesBuildPhase section */

/* Begin PBXVariantGroup section */
		9CC3E2E71E00644500B47760 /* Main.storyboard */ = {
			isa = PBXVariantGroup;
			children = (
				9CC3E2E81E00644500B47760 /* Base */,
			);
			name = Main.storyboard;
			sourceTree = "<group>";
		};
		9CC3E2EC1E00644500B47760 /* LaunchScreen.storyboard */ = {
			isa = PBXVariantGroup;
			children = (
				9CC3E2ED1E00644500B47760 /* Base */,
			);
			name = LaunchScreen.storyboard;
			sourceTree = "<group>";
		};
/* End PBXVariantGroup section */

/* Begin XCBuildConfiguration section */
		9CC3E2F01E00644500B47760 /* Debug */ = {
			isa = XCBuildConfiguration;
			buildSettings = {
				ALWAYS_SEARCH_USER_PATHS = NO;
				CLANG_ANALYZER_NONNULL = YES;
				CLANG_CXX_LANGUAGE_STANDARD = "gnu++0x";
				CLANG_CXX_LIBRARY = "libc++";
				CLANG_ENABLE_MODULES = YES;
				CLANG_ENABLE_OBJC_ARC = YES;
				CLANG_WARN_BOOL_CONVERSION = YES;
				CLANG_WARN_CONSTANT_CONVERSION = YES;
				CLANG_WARN_DIRECT_OBJC_ISA_USAGE = YES_ERROR;
				CLANG_WARN_DOCUMENTATION_COMMENTS = YES;
				CLANG_WARN_EMPTY_BODY = YES;
				CLANG_WARN_ENUM_CONVERSION = YES;
				CLANG_WARN_INFINITE_RECURSION = YES;
				CLANG_WARN_INT_CONVERSION = YES;
				CLANG_WARN_OBJC_ROOT_CLASS = YES_ERROR;
				CLANG_WARN_SUSPICIOUS_MOVE = YES;
				CLANG_WARN_UNREACHABLE_CODE = YES;
				CLANG_WARN__DUPLICATE_METHOD_MATCH = YES;
				"CODE_SIGN_IDENTITY[sdk=iphoneos*]" = "iPhone Developer";
				COPY_PHASE_STRIP = NO;
				DEBUG_INFORMATION_FORMAT = dwarf;
				ENABLE_STRICT_OBJC_MSGSEND = YES;
				ENABLE_TESTABILITY = YES;
				GCC_C_LANGUAGE_STANDARD = gnu99;
				GCC_DYNAMIC_NO_PIC = NO;
				GCC_NO_COMMON_BLOCKS = YES;
				GCC_OPTIMIZATION_LEVEL = 0;
				GCC_PREPROCESSOR_DEFINITIONS = (
					"DEBUG=1",
					"$(inherited)",
				);
				GCC_WARN_64_TO_32_BIT_CONVERSION = YES;
				GCC_WARN_ABOUT_RETURN_TYPE = YES_ERROR;
				GCC_WARN_UNDECLARED_SELECTOR = YES;
				GCC_WARN_UNINITIALIZED_AUTOS = YES_AGGRESSIVE;
				GCC_WARN_UNUSED_FUNCTION = YES;
				GCC_WARN_UNUSED_VARIABLE = YES;
				IPHONEOS_DEPLOYMENT_TARGET = 10.2;
				MTL_ENABLE_DEBUG_INFO = YES;
				ONLY_ACTIVE_ARCH = YES;
				SDKROOT = iphoneos;
				SWIFT_ACTIVE_COMPILATION_CONDITIONS = DEBUG;
				SWIFT_OPTIMIZATION_LEVEL = "-Onone";
				TARGETED_DEVICE_FAMILY = "1,2";
			};
			name = Debug;
		};
		9CC3E2F11E00644500B47760 /* Release */ = {
			isa = XCBuildConfiguration;
			buildSettings = {
				ALWAYS_SEARCH_USER_PATHS = NO;
				CLANG_ANALYZER_NONNULL = YES;
				CLANG_CXX_LANGUAGE_STANDARD = "gnu++0x";
				CLANG_CXX_LIBRARY = "libc++";
				CLANG_ENABLE_MODULES = YES;
				CLANG_ENABLE_OBJC_ARC = YES;
				CLANG_WARN_BOOL_CONVERSION = YES;
				CLANG_WARN_CONSTANT_CONVERSION = YES;
				CLANG_WARN_DIRECT_OBJC_ISA_USAGE = YES_ERROR;
				CLANG_WARN_DOCUMENTATION_COMMENTS = YES;
				CLANG_WARN_EMPTY_BODY = YES;
				CLANG_WARN_ENUM_CONVERSION = YES;
				CLANG_WARN_INFINITE_RECURSION = YES;
				CLANG_WARN_INT_CONVERSION = YES;
				CLANG_WARN_OBJC_ROOT_CLASS = YES_ERROR;
				CLANG_WARN_SUSPICIOUS_MOVE = YES;
				CLANG_WARN_UNREACHABLE_CODE = YES;
				CLANG_WARN__DUPLICATE_METHOD_MATCH = YES;
				"CODE_SIGN_IDENTITY[sdk=iphoneos*]" = "iPhone Developer";
				COPY_PHASE_STRIP = NO;
				DEBUG_INFORMATION_FORMAT = "dwarf-with-dsym";
				ENABLE_NS_ASSERTIONS = NO;
				ENABLE_STRICT_OBJC_MSGSEND = YES;
				GCC_C_LANGUAGE_STANDARD = gnu99;
				GCC_NO_COMMON_BLOCKS = YES;
				GCC_WARN_64_TO_32_BIT_CONVERSION = YES;
				GCC_WARN_ABOUT_RETURN_TYPE = YES_ERROR;
				GCC_WARN_UNDECLARED_SELECTOR = YES;
				GCC_WARN_UNINITIALIZED_AUTOS = YES_AGGRESSIVE;
				GCC_WARN_UNUSED_FUNCTION = YES;
				GCC_WARN_UNUSED_VARIABLE = YES;
				IPHONEOS_DEPLOYMENT_TARGET = 10.2;
				MTL_ENABLE_DEBUG_INFO = NO;
				SDKROOT = iphoneos;
				SWIFT_OPTIMIZATION_LEVEL = "-Owholemodule";
				TARGETED_DEVICE_FAMILY = "1,2";
				VALIDATE_PRODUCT = YES;
			};
			name = Release;
		};
		9CC3E2F31E00644500B47760 /* Debug */ = {
			isa = XCBuildConfiguration;
			baseConfigurationReference = B8689CF632D43FF3FE7061E8 /* Pods-SwiftSwiftyJSON.debug.xcconfig */;
			buildSettings = {
				ASSETCATALOG_COMPILER_APPICON_NAME = AppIcon;
				DEVELOPMENT_TEAM = 5U294U2N56;
				INFOPLIST_FILE = SwiftSwiftyJSON/Info.plist;
				LD_RUNPATH_SEARCH_PATHS = "$(inherited) @executable_path/Frameworks";
				PRODUCT_BUNDLE_IDENTIFIER = MAS.SwiftSwiftyJSON;
				PRODUCT_NAME = "$(TARGET_NAME)";
				SWIFT_VERSION = 3.0;
			};
			name = Debug;
		};
		9CC3E2F41E00644500B47760 /* Release */ = {
			isa = XCBuildConfiguration;
			baseConfigurationReference = 7AF69DD94A0E3922C8ECA927 /* Pods-SwiftSwiftyJSON.release.xcconfig */;
			buildSettings = {
				ASSETCATALOG_COMPILER_APPICON_NAME = AppIcon;
				DEVELOPMENT_TEAM = 5U294U2N56;
				INFOPLIST_FILE = SwiftSwiftyJSON/Info.plist;
				LD_RUNPATH_SEARCH_PATHS = "$(inherited) @executable_path/Frameworks";
				PRODUCT_BUNDLE_IDENTIFIER = MAS.SwiftSwiftyJSON;
				PRODUCT_NAME = "$(TARGET_NAME)";
				SWIFT_VERSION = 3.0;
			};
			name = Release;
		};
/* End XCBuildConfiguration section */

/* Begin XCConfigurationList section */
		9CC3E2DB1E00644500B47760 /* Build configuration list for PBXProject "SwiftSwiftyJSON" */ = {
			isa = XCConfigurationList;
			buildConfigurations = (
				9CC3E2F01E00644500B47760 /* Debug */,
				9CC3E2F11E00644500B47760 /* Release */,
			);
			defaultConfigurationIsVisible = 0;
			defaultConfigurationName = Release;
		};
		9CC3E2F21E00644500B47760 /* Build configuration list for PBXNativeTarget "SwiftSwiftyJSON" */ = {
			isa = XCConfigurationList;
			buildConfigurations = (
				9CC3E2F31E00644500B47760 /* Debug */,
				9CC3E2F41E00644500B47760 /* Release */,
			);
			defaultConfigurationIsVisible = 0;
			defaultConfigurationName = Release;
		};
/* End XCConfigurationList section */
	};
	rootObject = 9CC3E2D81E00644500B47760 /* Project object */;
}
